PODS:
  - Alamofire (4.5.1)
  - Bolts (1.8.4):
    - Bolts/AppLinks (= 1.8.4)
    - Bolts/Tasks (= 1.8.4)
  - Bolts/AppLinks (1.8.4):
    - Bolts/Tasks
  - Bolts/Tasks (1.8.4)
  - CardIO (5.4.1)
  - Cosmos (12.0.1)
  - CountryPickerSwift (1.4.5)
  - DLRadioButton (1.4.11)
  - DropDown (2)
  - DZNEmptyDataSet (1.8.1)
  - FBSDKCoreKit (4.28.0):
    - Bolts (~> 1.7)
  - FBSDKLoginKit (4.28.0):
    - FBSDKCoreKit
  - FlagKit (2.0.1)
  - GoogleMaps/Base (2.5.0)
  - GooglePlaces (2.5.0):
    - GoogleMaps/Base (= 2.5.0)
  - GoogleSignIn (4.1.1):
    - "GoogleToolboxForMac/NSDictionary+URLArguments (~> 2.1)"
    - "GoogleToolboxForMac/NSString+URLArguments (~> 2.1)"
    - GTMOAuth2 (~> 1.0)
    - GTMSessionFetcher/Core (~> 1.1)
  - GoogleToolboxForMac/DebugUtils (2.1.3):
    - GoogleToolboxForMac/Defines (= 2.1.3)
  - GoogleToolboxForMac/Defines (2.1.3)
  - "GoogleToolboxForMac/NSDictionary+URLArguments (2.1.3)":
    - GoogleToolboxForMac/DebugUtils (= 2.1.3)
    - GoogleToolboxForMac/Defines (= 2.1.3)
    - "GoogleToolboxForMac/NSString+URLArguments (= 2.1.3)"
  - "GoogleToolboxForMac/NSString+URLArguments (2.1.3)"
  - GTMOAuth2 (1.1.5):
    - GTMSessionFetcher (~> 1.1)
  - GTMSessionFetcher (1.1.12):
    - GTMSessionFetcher/Full (= 1.1.12)
  - GTMSessionFetcher/Core (1.1.12)
  - GTMSessionFetcher/Full (1.1.12):
    - GTMSessionFetcher/Core (= 1.1.12)
  - ImageSlideshow (1.4.1):
    - ImageSlideshow/Core (= 1.4.1)
  - ImageSlideshow/Core (1.4.1)
  - ImageSlideshow/SDWebImage (1.4.1):
    - ImageSlideshow/Core
    - SDWebImage (~> 3.7)
  - IQKeyboardManagerSwift (5.0.6)
  - KMPlaceholderTextView (1.3.0)
  - MBProgressHUD (1.0.0)
  - Moya (10.0.0):
    - Moya/Core (= 10.0.0)
  - Moya/Core (10.0.0):
    - Alamofire (~> 4.1)
    - Result (~> 3.0)
  - NVActivityIndicatorView (4.0.0):
    - NVActivityIndicatorView/Presenter (= 4.0.0)
  - NVActivityIndicatorView/Presenter (4.0.0)
  - PayPal-iOS-SDK (2.18.1):
    - PayPal-iOS-SDK/CardIO (= 2.18.1)
    - PayPal-iOS-SDK/Core (= 2.18.1)
  - PayPal-iOS-SDK/CardIO (2.18.1):
    - CardIO (~> 5.4.1)
  - PayPal-iOS-SDK/Core (2.18.1)
  - RangeSeekSlider (1.7.0)
  - Result (3.2.4)
  - SDWebImage (3.8.2):
    - SDWebImage/Core (= 3.8.2)
  - SDWebImage/Core (3.8.2)
  - SwiftyJSON (4.0.0)
  - Toast-Swift (2.0.0)
  - XLPagerTabStrip (8.0.0)

DEPENDENCIES:
  - Alamofire
  - Cosmos
  - CountryPickerSwift
  - DLRadioButton
  - DropDown
  - DZNEmptyDataSet
  - FBSDKLoginKit
  - FlagKit
  - GooglePlaces
  - GoogleSignIn
  - ImageSlideshow
  - ImageSlideshow/SDWebImage
  - IQKeyboardManagerSwift
  - KMPlaceholderTextView
  - MBProgressHUD
  - Moya
  - NVActivityIndicatorView
  - PayPal-iOS-SDK
  - RangeSeekSlider
  - SDWebImage
  - SwiftyJSON
  - Toast-Swift
  - XLPagerTabStrip

SPEC REPOS:
  https://github.com/cocoapods/specs.git:
    - Alamofire
    - Bolts
    - CardIO
    - Cosmos
    - CountryPickerSwift
    - DLRadioButton
    - DropDown
    - DZNEmptyDataSet
    - FBSDKCoreKit
    - FBSDKLoginKit
    - FlagKit
    - GoogleMaps
    - GooglePlaces
    - GoogleSignIn
    - GoogleToolboxForMac
    - GTMOAuth2
    - GTMSessionFetcher
    - ImageSlideshow
    - IQKeyboardManagerSwift
    - KMPlaceholderTextView
    - MBProgressHUD
    - Moya
    - NVActivityIndicatorView
    - PayPal-iOS-SDK
    - RangeSeekSlider
    - Result
    - SDWebImage
    - SwiftyJSON
    - Toast-Swift
    - XLPagerTabStrip

SPEC CHECKSUMS:
  Alamofire: 2d95912bf4c34f164fdfc335872e8c312acaea4a
  Bolts: 8a7995239dbe724f9cba2248b766d48b7ebdd322
  CardIO: 56983b39b62f495fc6dae9ad7cf875143df06443
  Cosmos: 4a9f57998a08788a1062c7b8eefbc62d2b590f39
  CountryPickerSwift: be2cf0dc41887d8b16ea65ae263a70adb0cc953a
  DLRadioButton: 0d04b8259e7bfd886571a1e9173c73fee7118f50
  DropDown: 744784d9c9aa505100e942c16acd05430cbb2f0a
  DZNEmptyDataSet: 9525833b9e68ac21c30253e1d3d7076cc828eaa7
  FBSDKCoreKit: ca961e279113f691fd83dc634c0bbad9d4e3f370
  FBSDKLoginKit: b077381c27d800f21661757e8140cf2c80a91e4a
  FlagKit: 75c64346179f254d1753bebdc5b1f9cbe7890748
  GoogleMaps: c087b8e5dfe87ca6ebf59adb9b4894a4146bec4f
  GooglePlaces: dd70d9d71ea1c7944846afe67de3712c99b30a77
  GoogleSignIn: 3fdaa34a2ba04dbd7a25d7db39aecb0da98d5bdc
  GoogleToolboxForMac: 2501e2ad72a52eb3dfe7bd9aee7dad11b858bd20
  GTMOAuth2: be83fd28d63ae3087e7d351b1f39c1a7e24ab6e7
  GTMSessionFetcher: ebaa1f79a5366922c1735f1566901f50beba23b7
  ImageSlideshow: 1bb0e610e28a71e8936d57265d882f61714a470b
  IQKeyboardManagerSwift: 02bfbb0dff71c66d0ab77d80d25dfce0c3717735
  KMPlaceholderTextView: 2bbcd19a273648a80a61e1e48f9743a24d8930e3
  MBProgressHUD: 4890f671c94e8a0f3cf959aa731e9de2f036d71a
  Moya: adb58b0f4e58430db43cc6e2f6ebab1836501186
  NVActivityIndicatorView: 54c9b93b6f25a4f467512680c0c90c09a1095cf2
  PayPal-iOS-SDK: 10654cd111e911a9807bddb96fae81aacb8e9915
  RangeSeekSlider: 0386c5a9aa5ebcb2fa5238e8a627280cf46c7c0a
  Result: d2d07204ce72856f1fd9130bbe42c35a7b0fea10
  SDWebImage: 098e97e6176540799c27e804c96653ee0833d13c
  SwiftyJSON: 070dabdcb1beb81b247c65ffa3a79dbbfb3b48aa
  Toast-Swift: 5b2f8f720f7e78e48511f693df1f9c9a6e38a25a
  XLPagerTabStrip: d1ab378af0923320ec0b5eab11d7b2f803d31261

PODFILE CHECKSUM: ebe582d5fc04f36616da1309f5c2069978f4b113

COCOAPODS: 1.5.3
